
Microsoft Visual Studio Solution File, Format Version 12.00
# Visual Studio Version 16
VisualStudioVersion = 16.0.28803.202
MinimumVisualStudioVersion = 10.0.40219.1
Project("{FAE04EC0-301F-11D3-BF4B-00C04F79EFBC}") = "InforISPC", "InforISPC.csproj", "{EF0FF4DA-FAEF-4278-BC69-2A1C609A8BC7}"
EndProject
Global
	GlobalSection(SolutionConfigurationPlatforms) = preSolution
		Debug|Any CPU = Debug|Any CPU
		Release|Any CPU = Release|Any CPU
	EndGlobalSection
	GlobalSection(ProjectConfigurationPlatforms) = postSolution
		{EF0FF4DA-FAEF-4278-BC69-2A1C609A8BC7}.Debug|Any CPU.ActiveCfg = Debug|Any CPU
		{EF0FF4DA-FAEF-4278-BC69-2A1C609A8BC7}.Debug|Any CPU.Build.0 = Debug|Any CPU
		{EF0FF4DA-FAEF-4278-BC69-2A1C609A8BC7}.Release|Any CPU.ActiveCfg = Release|Any CPU
		{EF0FF4DA-FAEF-4278-BC69-2A1C609A8BC7}.Release|Any CPU.Build.0 = Release|Any CPU
	EndGlobalSection
	GlobalSection(SolutionProperties) = preSolution
		HideSolutionNode = FALSE
	EndGlobalSection
	GlobalSection(ExtensibilityGlobals) = postSolution
		SolutionGuid = {F4EA1784-C8FC-4A51-AE68-B4A757953B2B}
	EndGlobalSection
EndGlobal
